
Microsoft Visual Studio Solution File, Format Version 12.00
# Visual Studio 15
VisualStudioVersion = 15.0.27130.2027
MinimumVisualStudioVersion = 10.0.40219.1
Project("{FAE04EC0-301F-11D3-BF4B-00C04F79EFBC}") = "AspCoreAngularSelecoes", "AspCoreAngularSelecoes\AspCoreAngularSelecoes.csproj", "{D3796EDD-F92C-4F47-83C3-2C776F986C60}"
EndProject
Global
	GlobalSection(SolutionConfigurationPlatforms) = preSolution
		Debug|Any CPU = Debug|Any CPU
		Release|Any CPU = Release|Any CPU
	EndGlobalSection
	GlobalSection(ProjectConfigurationPlatforms) = postSolution
		{D3796EDD-F92C-4F47-83C3-2C776F986C60}.Debug|Any CPU.ActiveCfg = Debug|Any CPU
		{D3796EDD-F92C-4F47-83C3-2C776F986C60}.Debug|Any CPU.Build.0 = Debug|Any CPU
		{D3796EDD-F92C-4F47-83C3-2C776F986C60}.Release|Any CPU.ActiveCfg = Release|Any CPU
		{D3796EDD-F92C-4F47-83C3-2C776F986C60}.Release|Any CPU.Build.0 = Release|Any CPU
	EndGlobalSection
	GlobalSection(SolutionProperties) = preSolution
		HideSolutionNode = FALSE
	EndGlobalSection
	GlobalSection(ExtensibilityGlobals) = postSolution
		SolutionGuid = {6AF5F871-5362-467F-8DF3-34AB7579A74E}
	EndGlobalSection
EndGlobal
